# THIS IS AN AUTOGENERATED FILE. DO NOT EDIT THIS FILE DIRECTLY.
# yarn lockfile v1


"@babel/code-frame@^7.0.0":
  "version" "7.18.6"
  dependencies:
    "@babel/highlight" "^7.18.6"

"@babel/helper-validator-identifier@^7.18.6":
  "version" "7.19.1"

"@babel/highlight@^7.18.6":
  "version" "7.18.6"
  dependencies:
    "@babel/helper-validator-identifier" "^7.18.6"
    "chalk" "^2.0.0"
    "js-tokens" "^4.0.0"

"@cspotcode/source-map-support@^0.8.0":
  "version" "0.8.1"
  dependencies:
    "@jridgewell/trace-mapping" "0.3.9"

"@flyde/core@^0.1.9":
  "version" "0.1.9"
  dependencies:
    "debug" "^4.3.2"
    "dependency-graph" "^0.8.0"
    "md5" "^2.3.0"
    "rxjs" "^6.3.3"
    "vm2" "^3.9.2"
    "zod" "^3.17.10"

"@flyde/resolver@latest":
  "integrity" "sha512-W3PCeK6RYg9UaTzRaYfPrVdXvpGfsKUH+VSZGXZZmpNnhBrFgAfFiu+A3aJ3Rh9UAPR6BaGik7Us7WrdO8eUgg=="
  "resolved" "https://registry.npmjs.org/@flyde/resolver/-/resolver-0.3.8.tgz"
  "version" "0.3.8"
  dependencies:
    "@flyde/core" "^0.1.9"
    "@types/cuid" "^1.3.0"
    "@types/node" "^11.10.5"
    "axios" "^0.21.1"
    "body-parser" "^1.19.0"
    "callsite" "^1.0.0"
    "cuid" "^2.1.8"
    "glob" "^8.0.3"
    "lodash" "^4.17.21"
    "module-from-string" "^3.3.0"
    "require-from-string" "^2.0.2"
    "resolve-from" "^5.0.0"
    "ts-node" "^10.9.1"
    "yaml" "^2.1.1"
    "zod" "^3.17.10"

"@flyde/runtime@file:../../runtime":
  "resolved" "file:../../runtime"
  "version" "0.4.4"
  dependencies:
    "@flyde/core" "^0.1.9"
    "@flyde/remote-debugger" "^0.2.8"
    "@flyde/resolver" "^0.3.8"
    "@flyde/stdlib" "^0.1.9"
    "@types/cuid" "^1.3.0"
    "@types/node" "^11.10.5"
    "axios" "^0.21.1"
    "body-parser" "^1.19.0"
    "callsite" "^1.0.0"
    "cuid" "^2.1.8"
    "find-root" "^1.1.0"
    "glob" "^8.0.3"
    "module-from-string" "^3.3.0"
    "require-from-string" "^2.0.2"
    "resolve-from" "^5.0.0"
    "ts-node" "^10.9.1"
    "yaml" "^2.1.1"
    "zod" "^3.17.10"

"@flyde/stdlib@latest":
  "integrity" "sha512-8HlUj3xoYk7QyqH/NQ3RJK8Fp3xDhINtPj0luc+i8TFGbh6sov4Fnav3bCieRkZp3bL18TiaAOewAJAxQvt1+Q=="
  "resolved" "https://registry.npmjs.org/@flyde/stdlib/-/stdlib-0.1.9.tgz"
  "version" "0.1.9"
  dependencies:
    "@flyde/core" "^0.1.9"
    "axios" "^0.27.2"
    "pubsub-js" "^1.9.4"

"@gar/promisify@^1.1.3":
  "version" "1.1.3"

"@jridgewell/resolve-uri@^3.0.3":
  "version" "3.1.0"

"@jridgewell/sourcemap-codec@^1.4.10":
  "version" "1.4.14"

"@jridgewell/trace-mapping@0.3.9":
  "version" "0.3.9"
  dependencies:
    "@jridgewell/resolve-uri" "^3.0.3"
    "@jridgewell/sourcemap-codec" "^1.4.10"

"@npmcli/fs@^2.1.0":
  "version" "2.1.2"
  dependencies:
    "@gar/promisify" "^1.1.3"
    "semver" "^7.3.5"

"@npmcli/move-file@^2.0.0":
  "version" "2.0.1"
  dependencies:
    "mkdirp" "^1.0.4"
    "rimraf" "^3.0.2"

"@tootallnate/once@2":
  "version" "2.0.0"

"@tsconfig/node10@^1.0.7":
  "version" "1.0.9"

"@tsconfig/node12@^1.0.7":
  "version" "1.0.11"

"@tsconfig/node14@^1.0.0":
  "version" "1.0.3"

"@tsconfig/node16@^1.0.2":
  "version" "1.0.3"

"@types/cuid@^1.3.0":
  "version" "1.3.1"

"@types/minimist@^1.2.0":
  "version" "1.2.2"

"@types/node@*", "@types/node@^11.10.5":
  "version" "11.15.54"

"@types/normalize-package-data@^2.4.0":
  "version" "2.4.1"

"@types/strip-bom@^3.0.0":
  "version" "3.0.0"

"@types/strip-json-comments@0.0.30":
  "version" "0.0.30"

"abbrev@^1.0.0":
  "version" "1.1.1"

"acorn-walk@^8.1.1", "acorn-walk@^8.2.0":
  "version" "8.2.0"

"acorn@^8.4.1", "acorn@^8.7.0":
  "version" "8.8.1"

"agent-base@^6.0.2", "agent-base@6":
  "version" "6.0.2"
  dependencies:
    "debug" "4"

"agentkeepalive@^4.2.1":
  "version" "4.2.1"
  dependencies:
    "debug" "^4.1.0"
    "depd" "^1.1.2"
    "humanize-ms" "^1.2.1"

"aggregate-error@^3.0.0":
  "version" "3.1.0"
  dependencies:
    "clean-stack" "^2.0.0"
    "indent-string" "^4.0.0"

"ansi-regex@^5.0.1":
  "version" "5.0.1"

"ansi-styles@^3.2.1":
  "version" "3.2.1"
  dependencies:
    "color-convert" "^1.9.0"

"ansi-styles@^4.1.0":
  "version" "4.3.0"
  dependencies:
    "color-convert" "^2.0.1"

"anymatch@~3.1.2":
  "version" "3.1.3"
  dependencies:
    "normalize-path" "^3.0.0"
    "picomatch" "^2.0.4"

"aproba@^1.0.3 || ^2.0.0":
  "version" "2.0.0"

"are-we-there-yet@^3.0.0":
  "version" "3.0.1"
  dependencies:
    "delegates" "^1.0.0"
    "readable-stream" "^3.6.0"

"arg@^4.1.0":
  "version" "4.1.3"

"arrify@^1.0.1":
  "version" "1.0.1"

"asynckit@^0.4.0":
  "version" "0.4.0"

"axios@^0.21.1":
  "version" "0.21.4"
  dependencies:
    "follow-redirects" "^1.14.0"

"axios@^0.27.2":
  "integrity" "sha512-t+yRIyySRTp/wua5xEr+z1q60QmLq8ABsS5O9Me1AsE5dfKqgnCFzwiCZZ/cGNd1lq4/7akDWMxdhVlucjmnOQ=="
  "resolved" "https://registry.npmjs.org/axios/-/axios-0.27.2.tgz"
  "version" "0.27.2"
  dependencies:
    "follow-redirects" "^1.14.9"
    "form-data" "^4.0.0"

"axios@^1.1.3":
  "version" "1.2.2"
  dependencies:
    "follow-redirects" "^1.15.0"
    "form-data" "^4.0.0"
    "proxy-from-env" "^1.1.0"

"balanced-match@^1.0.0":
  "version" "1.0.2"

"binary-extensions@^2.0.0":
  "version" "2.2.0"

"body-parser@^1.19.0":
  "version" "1.20.1"
  dependencies:
    "bytes" "3.1.2"
    "content-type" "~1.0.4"
    "debug" "2.6.9"
    "depd" "2.0.0"
    "destroy" "1.2.0"
    "http-errors" "2.0.0"
    "iconv-lite" "0.4.24"
    "on-finished" "2.4.1"
    "qs" "6.11.0"
    "raw-body" "2.5.1"
    "type-is" "~1.6.18"
    "unpipe" "1.0.0"

"brace-expansion@^1.1.7":
  "version" "1.1.11"
  dependencies:
    "balanced-match" "^1.0.0"
    "concat-map" "0.0.1"

"brace-expansion@^2.0.1":
  "version" "2.0.1"
  dependencies:
    "balanced-match" "^1.0.0"

"braces@~3.0.2":
  "version" "3.0.2"
  dependencies:
    "fill-range" "^7.0.1"

"buffer-from@^1.0.0":
  "version" "1.1.2"

"bytes@3.1.2":
  "version" "3.1.2"

"cacache@^16.1.0":
  "version" "16.1.3"
  dependencies:
    "@npmcli/fs" "^2.1.0"
    "@npmcli/move-file" "^2.0.0"
    "chownr" "^2.0.0"
    "fs-minipass" "^2.1.0"
    "glob" "^8.0.1"
    "infer-owner" "^1.0.4"
    "lru-cache" "^7.7.1"
    "minipass" "^3.1.6"
    "minipass-collect" "^1.0.2"
    "minipass-flush" "^1.0.5"
    "minipass-pipeline" "^1.2.4"
    "mkdirp" "^1.0.4"
    "p-map" "^4.0.0"
    "promise-inflight" "^1.0.1"
    "rimraf" "^3.0.2"
    "ssri" "^9.0.0"
    "tar" "^6.1.11"
    "unique-filename" "^2.0.0"

"call-bind@^1.0.0":
  "version" "1.0.2"
  dependencies:
    "function-bind" "^1.1.1"
    "get-intrinsic" "^1.0.2"

"callsite@^1.0.0":
  "version" "1.0.0"

"camelcase-keys@^6.2.2":
  "version" "6.2.2"
  dependencies:
    "camelcase" "^5.3.1"
    "map-obj" "^4.0.0"
    "quick-lru" "^4.0.1"

"camelcase@^5.3.1":
  "version" "5.3.1"

"chalk@^2.0.0":
  "version" "2.4.2"
  dependencies:
    "ansi-styles" "^3.2.1"
    "escape-string-regexp" "^1.0.5"
    "supports-color" "^5.3.0"

"chalk@^4.0.0":
  "version" "4.1.2"
  dependencies:
    "ansi-styles" "^4.1.0"
    "supports-color" "^7.1.0"

"charenc@0.0.2":
  "version" "0.0.2"

"chokidar@^3.5.1":
  "version" "3.5.3"
  dependencies:
    "anymatch" "~3.1.2"
    "braces" "~3.0.2"
    "glob-parent" "~5.1.2"
    "is-binary-path" "~2.1.0"
    "is-glob" "~4.0.1"
    "normalize-path" "~3.0.0"
    "readdirp" "~3.6.0"
  optionalDependencies:
    "fsevents" "~2.3.2"

"chownr@^2.0.0":
  "version" "2.0.0"

"clean-stack@^2.0.0":
  "version" "2.2.0"

"color-convert@^1.9.0":
  "version" "1.9.3"
  dependencies:
    "color-name" "1.1.3"

"color-convert@^2.0.1":
  "version" "2.0.1"
  dependencies:
    "color-name" "~1.1.4"

"color-name@~1.1.4":
  "version" "1.1.4"

"color-name@1.1.3":
  "version" "1.1.3"

"color-support@^1.1.3":
  "version" "1.1.3"

"combined-stream@^1.0.8":
  "version" "1.0.8"
  dependencies:
    "delayed-stream" "~1.0.0"

"concat-map@0.0.1":
  "version" "0.0.1"

"console-control-strings@^1.1.0":
  "version" "1.1.0"

"content-type@~1.0.4":
  "version" "1.0.4"

"create-require@^1.1.0":
  "version" "1.1.1"

"crypt@0.0.2":
  "version" "0.0.2"

"cuid@^2.1.8":
  "version" "2.1.8"

"debug@^4.1.0", "debug@^4.3.2", "debug@^4.3.3", "debug@4":
  "version" "4.3.4"
  dependencies:
    "ms" "2.1.2"

"debug@2.6.9":
  "version" "2.6.9"
  dependencies:
    "ms" "2.0.0"

"decamelize-keys@^1.1.0":
  "version" "1.1.1"
  dependencies:
    "decamelize" "^1.1.0"
    "map-obj" "^1.0.0"

"decamelize@^1.1.0", "decamelize@^1.2.0":
  "version" "1.2.0"

"delayed-stream@~1.0.0":
  "version" "1.0.0"

"delegates@^1.0.0":
  "version" "1.0.0"

"depd@^1.1.2":
  "version" "1.1.2"

"depd@2.0.0":
  "version" "2.0.0"

"dependency-graph@^0.8.0":
  "version" "0.8.1"

"destroy@1.2.0":
  "version" "1.2.0"

"diff@^4.0.1":
  "version" "4.0.2"

"dynamic-dedupe@^0.3.0":
  "version" "0.3.0"
  dependencies:
    "xtend" "^4.0.0"

"ee-first@1.1.1":
  "version" "1.1.1"

"emoji-regex@^8.0.0":
  "version" "8.0.0"

"encoding@^0.1.13":
  "version" "0.1.13"
  dependencies:
    "iconv-lite" "^0.6.2"

"env-paths@^2.2.0":
  "version" "2.2.1"

"err-code@^2.0.2":
  "version" "2.0.3"

"error-ex@^1.3.1":
  "version" "1.3.2"
  dependencies:
    "is-arrayish" "^0.2.1"

"esbuild-darwin-arm64@0.15.18":
  "version" "0.15.18"

"esbuild@^0.15.7":
  "version" "0.15.18"
  optionalDependencies:
    "@esbuild/android-arm" "0.15.18"
    "@esbuild/linux-loong64" "0.15.18"
    "esbuild-android-64" "0.15.18"
    "esbuild-android-arm64" "0.15.18"
    "esbuild-darwin-64" "0.15.18"
    "esbuild-darwin-arm64" "0.15.18"
    "esbuild-freebsd-64" "0.15.18"
    "esbuild-freebsd-arm64" "0.15.18"
    "esbuild-linux-32" "0.15.18"
    "esbuild-linux-64" "0.15.18"
    "esbuild-linux-arm" "0.15.18"
    "esbuild-linux-arm64" "0.15.18"
    "esbuild-linux-mips64le" "0.15.18"
    "esbuild-linux-ppc64le" "0.15.18"
    "esbuild-linux-riscv64" "0.15.18"
    "esbuild-linux-s390x" "0.15.18"
    "esbuild-netbsd-64" "0.15.18"
    "esbuild-openbsd-64" "0.15.18"
    "esbuild-sunos-64" "0.15.18"
    "esbuild-windows-32" "0.15.18"
    "esbuild-windows-64" "0.15.18"
    "esbuild-windows-arm64" "0.15.18"

"escape-string-regexp@^1.0.5":
  "version" "1.0.5"

"fill-range@^7.0.1":
  "version" "7.0.1"
  dependencies:
    "to-regex-range" "^5.0.1"

"find-up@^4.1.0":
  "version" "4.1.0"
  dependencies:
    "locate-path" "^5.0.0"
    "path-exists" "^4.0.0"

"follow-redirects@^1.14.0", "follow-redirects@^1.14.9", "follow-redirects@^1.15.0":
  "version" "1.15.2"

"form-data@^4.0.0":
  "version" "4.0.0"
  dependencies:
    "asynckit" "^0.4.0"
    "combined-stream" "^1.0.8"
    "mime-types" "^2.1.12"

"fs-minipass@^2.0.0", "fs-minipass@^2.1.0":
  "version" "2.1.0"
  dependencies:
    "minipass" "^3.0.0"

"fs.realpath@^1.0.0":
  "version" "1.0.0"

"fsevents@~2.3.2":
  "version" "2.3.2"

"function-bind@^1.1.1":
  "version" "1.1.1"

"gauge@^4.0.3":
  "version" "4.0.4"
  dependencies:
    "aproba" "^1.0.3 || ^2.0.0"
    "color-support" "^1.1.3"
    "console-control-strings" "^1.1.0"
    "has-unicode" "^2.0.1"
    "signal-exit" "^3.0.7"
    "string-width" "^4.2.3"
    "strip-ansi" "^6.0.1"
    "wide-align" "^1.1.5"

"get-intrinsic@^1.0.2":
  "version" "1.1.3"
  dependencies:
    "function-bind" "^1.1.1"
    "has" "^1.0.3"
    "has-symbols" "^1.0.3"

"glob-parent@~5.1.2":
  "version" "5.1.2"
  dependencies:
    "is-glob" "^4.0.1"

"glob@^7.1.3":
  "version" "7.2.3"
  dependencies:
    "fs.realpath" "^1.0.0"
    "inflight" "^1.0.4"
    "inherits" "2"
    "minimatch" "^3.1.1"
    "once" "^1.3.0"
    "path-is-absolute" "^1.0.0"

"glob@^7.1.4":
  "version" "7.2.3"
  dependencies:
    "fs.realpath" "^1.0.0"
    "inflight" "^1.0.4"
    "inherits" "2"
    "minimatch" "^3.1.1"
    "once" "^1.3.0"
    "path-is-absolute" "^1.0.0"

"glob@^8.0.1", "glob@^8.0.3":
  "version" "8.0.3"
  dependencies:
    "fs.realpath" "^1.0.0"
    "inflight" "^1.0.4"
    "inherits" "2"
    "minimatch" "^5.0.1"
    "once" "^1.3.0"

"graceful-fs@^4.2.6":
  "version" "4.2.10"

"hard-rejection@^2.1.0":
  "version" "2.1.0"

"has-flag@^3.0.0":
  "version" "3.0.0"

"has-flag@^4.0.0":
  "version" "4.0.0"

"has-symbols@^1.0.3":
  "version" "1.0.3"

"has-unicode@^2.0.1":
  "version" "2.0.1"

"has@^1.0.3":
  "version" "1.0.3"
  dependencies:
    "function-bind" "^1.1.1"

"hosted-git-info@^2.1.4":
  "version" "2.8.9"

"hosted-git-info@^4.0.1":
  "version" "4.1.0"
  dependencies:
    "lru-cache" "^6.0.0"

"http-cache-semantics@^4.1.0":
  "version" "4.1.0"

"http-errors@2.0.0":
  "version" "2.0.0"
  dependencies:
    "depd" "2.0.0"
    "inherits" "2.0.4"
    "setprototypeof" "1.2.0"
    "statuses" "2.0.1"
    "toidentifier" "1.0.1"

"http-proxy-agent@^5.0.0":
  "version" "5.0.0"
  dependencies:
    "@tootallnate/once" "2"
    "agent-base" "6"
    "debug" "4"

"https-proxy-agent@^5.0.0":
  "version" "5.0.1"
  dependencies:
    "agent-base" "6"
    "debug" "4"

"humanize-ms@^1.2.1":
  "version" "1.2.1"
  dependencies:
    "ms" "^2.0.0"

"iconv-lite@^0.6.2":
  "version" "0.6.3"
  dependencies:
    "safer-buffer" ">= 2.1.2 < 3.0.0"

"iconv-lite@0.4.24":
  "version" "0.4.24"
  dependencies:
    "safer-buffer" ">= 2.1.2 < 3"

"imurmurhash@^0.1.4":
  "version" "0.1.4"

"indent-string@^4.0.0":
  "version" "4.0.0"

"infer-owner@^1.0.4":
  "version" "1.0.4"

"inflight@^1.0.4":
  "version" "1.0.6"
  dependencies:
    "once" "^1.3.0"
    "wrappy" "1"

"inherits@^2.0.3", "inherits@2", "inherits@2.0.4":
  "version" "2.0.4"

"ip@^2.0.0":
  "version" "2.0.0"

"is-arrayish@^0.2.1":
  "version" "0.2.1"

"is-binary-path@~2.1.0":
  "version" "2.1.0"
  dependencies:
    "binary-extensions" "^2.0.0"

"is-buffer@~1.1.6":
  "version" "1.1.6"

"is-core-module@^2.5.0", "is-core-module@^2.9.0":
  "version" "2.11.0"
  dependencies:
    "has" "^1.0.3"

"is-extglob@^2.1.1":
  "version" "2.1.1"

"is-fullwidth-code-point@^3.0.0":
  "version" "3.0.0"

"is-glob@^4.0.1", "is-glob@~4.0.1":
  "version" "4.0.3"
  dependencies:
    "is-extglob" "^2.1.1"

"is-lambda@^1.0.1":
  "version" "1.0.1"

"is-number@^7.0.0":
  "version" "7.0.0"

"is-plain-obj@^1.1.0":
  "version" "1.1.0"

"isexe@^2.0.0":
  "version" "2.0.0"

"js-tokens@^4.0.0":
  "version" "4.0.0"

"json-parse-even-better-errors@^2.3.0":
  "version" "2.3.1"

"kind-of@^6.0.3":
  "version" "6.0.3"

"lines-and-columns@^1.1.6":
  "version" "1.2.4"

"locate-path@^5.0.0":
  "version" "5.0.0"
  dependencies:
    "p-locate" "^4.1.0"

"lodash@^4.17.21":
  "version" "4.17.21"

"lru-cache@^6.0.0":
  "version" "6.0.0"
  dependencies:
    "yallist" "^4.0.0"

"lru-cache@^7.7.1":
  "version" "7.14.1"

"make-error@^1.1.1":
  "version" "1.3.6"

"make-fetch-happen@^10.0.3":
  "version" "10.2.1"
  dependencies:
    "agentkeepalive" "^4.2.1"
    "cacache" "^16.1.0"
    "http-cache-semantics" "^4.1.0"
    "http-proxy-agent" "^5.0.0"
    "https-proxy-agent" "^5.0.0"
    "is-lambda" "^1.0.1"
    "lru-cache" "^7.7.1"
    "minipass" "^3.1.6"
    "minipass-collect" "^1.0.2"
    "minipass-fetch" "^2.0.3"
    "minipass-flush" "^1.0.5"
    "minipass-pipeline" "^1.2.4"
    "negotiator" "^0.6.3"
    "promise-retry" "^2.0.1"
    "socks-proxy-agent" "^7.0.0"
    "ssri" "^9.0.0"

"map-obj@^1.0.0":
  "version" "1.0.1"

"map-obj@^4.0.0":
  "version" "4.3.0"

"md5@^2.3.0":
  "version" "2.3.0"
  dependencies:
    "charenc" "0.0.2"
    "crypt" "0.0.2"
    "is-buffer" "~1.1.6"

"media-typer@0.3.0":
  "version" "0.3.0"

"mime-db@1.52.0":
  "version" "1.52.0"

"mime-types@^2.1.12", "mime-types@~2.1.24":
  "version" "2.1.35"
  dependencies:
    "mime-db" "1.52.0"

"min-indent@^1.0.0":
  "version" "1.0.1"

"minimatch@^3.1.1":
  "version" "3.1.2"
  dependencies:
    "brace-expansion" "^1.1.7"

"minimatch@^5.0.1":
  "version" "5.1.2"
  dependencies:
    "brace-expansion" "^2.0.1"

"minimist-options@4.1.0":
  "version" "4.1.0"
  dependencies:
    "arrify" "^1.0.1"
    "is-plain-obj" "^1.1.0"
    "kind-of" "^6.0.3"

"minimist@^1.2.6":
  "version" "1.2.7"

"minipass-collect@^1.0.2":
  "version" "1.0.2"
  dependencies:
    "minipass" "^3.0.0"

"minipass-fetch@^2.0.3":
  "version" "2.1.2"
  dependencies:
    "minipass" "^3.1.6"
    "minipass-sized" "^1.0.3"
    "minizlib" "^2.1.2"
  optionalDependencies:
    "encoding" "^0.1.13"

"minipass-flush@^1.0.5":
  "version" "1.0.5"
  dependencies:
    "minipass" "^3.0.0"

"minipass-pipeline@^1.2.4":
  "version" "1.2.4"
  dependencies:
    "minipass" "^3.0.0"

"minipass-sized@^1.0.3":
  "version" "1.0.3"
  dependencies:
    "minipass" "^3.0.0"

"minipass@^3.0.0", "minipass@^3.1.1", "minipass@^3.1.6":
  "version" "3.3.6"
  dependencies:
    "yallist" "^4.0.0"

"minipass@^4.0.0":
  "version" "4.0.0"
  dependencies:
    "yallist" "^4.0.0"

"minizlib@^2.1.1", "minizlib@^2.1.2":
  "version" "2.1.2"
  dependencies:
    "minipass" "^3.0.0"
    "yallist" "^4.0.0"

"mkdirp@^1.0.3", "mkdirp@^1.0.4":
  "version" "1.0.4"

"module-from-string@^3.3.0":
  "version" "3.3.0"
  dependencies:
    "esbuild" "^0.15.7"
    "nanoid" "^3.3.4"

"ms@^2.0.0":
  "version" "2.1.3"

"ms@2.0.0":
  "version" "2.0.0"

"ms@2.1.2":
  "version" "2.1.2"

"nanoid@^3.3.4":
  "version" "3.3.4"

"negotiator@^0.6.3":
  "version" "0.6.3"

"nopt@^6.0.0":
  "version" "6.0.0"
  dependencies:
    "abbrev" "^1.0.0"

"normalize-package-data@^2.5.0":
  "version" "2.5.0"
  dependencies:
    "hosted-git-info" "^2.1.4"
    "resolve" "^1.10.0"
    "semver" "2 || 3 || 4 || 5"
    "validate-npm-package-license" "^3.0.1"

"normalize-package-data@^3.0.0":
  "version" "3.0.3"
  dependencies:
    "hosted-git-info" "^4.0.1"
    "is-core-module" "^2.5.0"
    "semver" "^7.3.4"
    "validate-npm-package-license" "^3.0.1"

"normalize-path@^3.0.0", "normalize-path@~3.0.0":
  "version" "3.0.0"

"npmlog@^6.0.0":
  "version" "6.0.2"
  dependencies:
    "are-we-there-yet" "^3.0.0"
    "console-control-strings" "^1.1.0"
    "gauge" "^4.0.3"
    "set-blocking" "^2.0.0"

"object-inspect@^1.9.0":
  "version" "1.12.2"

"on-finished@2.4.1":
  "version" "2.4.1"
  dependencies:
    "ee-first" "1.1.1"

"once@^1.3.0":
  "version" "1.4.0"
  dependencies:
    "wrappy" "1"

"p-limit@^2.2.0":
  "version" "2.3.0"
  dependencies:
    "p-try" "^2.0.0"

"p-locate@^4.1.0":
  "version" "4.1.0"
  dependencies:
    "p-limit" "^2.2.0"

"p-map@^4.0.0":
  "version" "4.0.0"
  dependencies:
    "aggregate-error" "^3.0.0"

"p-try@^2.0.0":
  "version" "2.2.0"

"parse-json@^5.0.0":
  "version" "5.2.0"
  dependencies:
    "@babel/code-frame" "^7.0.0"
    "error-ex" "^1.3.1"
    "json-parse-even-better-errors" "^2.3.0"
    "lines-and-columns" "^1.1.6"

"path-exists@^4.0.0":
  "version" "4.0.0"

"path-is-absolute@^1.0.0":
  "version" "1.0.1"

"path-parse@^1.0.7":
  "version" "1.0.7"

"picomatch@^2.0.4", "picomatch@^2.2.1":
  "version" "2.3.1"

"promise-inflight@^1.0.1":
  "version" "1.0.1"

"promise-retry@^2.0.1":
  "version" "2.0.1"
  dependencies:
    "err-code" "^2.0.2"
    "retry" "^0.12.0"

"proxy-from-env@^1.1.0":
  "version" "1.1.0"

"pubsub-js@^1.9.4":
  "integrity" "sha512-hJYpaDvPH4w8ZX/0Fdf9ma1AwRgU353GfbaVfPjfJQf1KxZ2iHaHl3fAUw1qlJIR5dr4F3RzjGaWohYUEyoh7A=="
  "resolved" "https://registry.npmjs.org/pubsub-js/-/pubsub-js-1.9.4.tgz"
  "version" "1.9.4"

"qs@6.11.0":
  "version" "6.11.0"
  dependencies:
    "side-channel" "^1.0.4"

"quick-lru@^4.0.1":
  "version" "4.0.1"

"raw-body@2.5.1":
  "version" "2.5.1"
  dependencies:
    "bytes" "3.1.2"
    "http-errors" "2.0.0"
    "iconv-lite" "0.4.24"
    "unpipe" "1.0.0"

"read-pkg-up@^7.0.1":
  "version" "7.0.1"
  dependencies:
    "find-up" "^4.1.0"
    "read-pkg" "^5.2.0"
    "type-fest" "^0.8.1"

"read-pkg@^5.2.0":
  "version" "5.2.0"
  dependencies:
    "@types/normalize-package-data" "^2.4.0"
    "normalize-package-data" "^2.5.0"
    "parse-json" "^5.0.0"
    "type-fest" "^0.6.0"

"readable-stream@^3.6.0":
  "version" "3.6.0"
  dependencies:
    "inherits" "^2.0.3"
    "string_decoder" "^1.1.1"
    "util-deprecate" "^1.0.1"

"readdirp@~3.6.0":
  "version" "3.6.0"
  dependencies:
    "picomatch" "^2.2.1"

"redent@^3.0.0":
  "version" "3.0.0"
  dependencies:
    "indent-string" "^4.0.0"
    "strip-indent" "^3.0.0"

"require-from-string@^2.0.2":
  "version" "2.0.2"

"resolve-from@^5.0.0":
  "version" "5.0.0"

"resolve@^1.0.0", "resolve@^1.10.0":
  "version" "1.22.1"
  dependencies:
    "is-core-module" "^2.9.0"
    "path-parse" "^1.0.7"
    "supports-preserve-symlinks-flag" "^1.0.0"

"retry@^0.12.0":
  "version" "0.12.0"

"rimraf@^2.6.1":
  "version" "2.7.1"
  dependencies:
    "glob" "^7.1.3"

"rimraf@^3.0.2":
  "version" "3.0.2"
  dependencies:
    "glob" "^7.1.3"

"rxjs@^6.3.3":
  "version" "6.6.7"
  dependencies:
    "tslib" "^1.9.0"

"safe-buffer@~5.2.0":
  "version" "5.2.1"

"safer-buffer@>= 2.1.2 < 3", "safer-buffer@>= 2.1.2 < 3.0.0":
  "version" "2.1.2"

"semver@^7.3.4", "semver@^7.3.5":
  "version" "7.3.8"
  dependencies:
    "lru-cache" "^6.0.0"

"semver@2 || 3 || 4 || 5":
  "version" "5.7.1"

"set-blocking@^2.0.0":
  "version" "2.0.0"

"setprototypeof@1.2.0":
  "version" "1.2.0"

"side-channel@^1.0.4":
  "version" "1.0.4"
  dependencies:
    "call-bind" "^1.0.0"
    "get-intrinsic" "^1.0.2"
    "object-inspect" "^1.9.0"

"signal-exit@^3.0.7":
  "version" "3.0.7"

"smart-buffer@^4.2.0":
  "version" "4.2.0"

"socks-proxy-agent@^7.0.0":
  "version" "7.0.0"
  dependencies:
    "agent-base" "^6.0.2"
    "debug" "^4.3.3"
    "socks" "^2.6.2"

"socks@^2.6.2":
  "version" "2.7.1"
  dependencies:
    "ip" "^2.0.0"
    "smart-buffer" "^4.2.0"

"source-map-support@^0.5.12":
  "version" "0.5.21"
  dependencies:
    "buffer-from" "^1.0.0"
    "source-map" "^0.6.0"

"source-map@^0.6.0":
  "version" "0.6.1"

"spdx-correct@^3.0.0":
  "version" "3.1.1"
  dependencies:
    "spdx-expression-parse" "^3.0.0"
    "spdx-license-ids" "^3.0.0"

"spdx-exceptions@^2.1.0":
  "version" "2.3.0"

"spdx-expression-parse@^3.0.0":
  "version" "3.0.1"
  dependencies:
    "spdx-exceptions" "^2.1.0"
    "spdx-license-ids" "^3.0.0"

"spdx-license-ids@^3.0.0":
  "version" "3.0.12"

"ssri@^9.0.0":
  "version" "9.0.1"
  dependencies:
    "minipass" "^3.1.1"

"statuses@2.0.1":
  "version" "2.0.1"

"string_decoder@^1.1.1":
  "version" "1.3.0"
  dependencies:
    "safe-buffer" "~5.2.0"

"string-width@^1.0.2 || 2 || 3 || 4", "string-width@^4.2.3":
  "version" "4.2.3"
  dependencies:
    "emoji-regex" "^8.0.0"
    "is-fullwidth-code-point" "^3.0.0"
    "strip-ansi" "^6.0.1"

"strip-ansi@^6.0.1":
  "version" "6.0.1"
  dependencies:
    "ansi-regex" "^5.0.1"

"strip-bom@^3.0.0":
  "version" "3.0.0"

"strip-indent@^3.0.0":
  "version" "3.0.0"
  dependencies:
    "min-indent" "^1.0.0"

"strip-json-comments@^2.0.0":
  "version" "2.0.1"

"supports-color@^5.3.0":
  "version" "5.5.0"
  dependencies:
    "has-flag" "^3.0.0"

"supports-color@^7.1.0":
  "version" "7.2.0"
  dependencies:
    "has-flag" "^4.0.0"

"supports-preserve-symlinks-flag@^1.0.0":
  "version" "1.0.0"

"tar@^6.1.11", "tar@^6.1.2":
  "version" "6.1.13"
  dependencies:
    "chownr" "^2.0.0"
    "fs-minipass" "^2.0.0"
    "minipass" "^4.0.0"
    "minizlib" "^2.1.1"
    "mkdirp" "^1.0.3"
    "yallist" "^4.0.0"

"to-regex-range@^5.0.1":
  "version" "5.0.1"
  dependencies:
    "is-number" "^7.0.0"

"toidentifier@1.0.1":
  "version" "1.0.1"

"tree-kill@^1.2.2":
  "version" "1.2.2"

"trim-newlines@^3.0.0":
  "version" "3.0.1"

"ts-node-dev@^2.0.0":
  "version" "2.0.0"
  dependencies:
    "chokidar" "^3.5.1"
    "dynamic-dedupe" "^0.3.0"
    "minimist" "^1.2.6"
    "mkdirp" "^1.0.4"
    "resolve" "^1.0.0"
    "rimraf" "^2.6.1"
    "source-map-support" "^0.5.12"
    "tree-kill" "^1.2.2"
    "ts-node" "^10.4.0"
    "tsconfig" "^7.0.0"

"ts-node@^10.4.0", "ts-node@^10.9.1":
  "version" "10.9.1"
  dependencies:
    "@cspotcode/source-map-support" "^0.8.0"
    "@tsconfig/node10" "^1.0.7"
    "@tsconfig/node12" "^1.0.7"
    "@tsconfig/node14" "^1.0.0"
    "@tsconfig/node16" "^1.0.2"
    "acorn" "^8.4.1"
    "acorn-walk" "^8.1.1"
    "arg" "^4.1.0"
    "create-require" "^1.1.0"
    "diff" "^4.0.1"
    "make-error" "^1.1.1"
    "v8-compile-cache-lib" "^3.0.1"
    "yn" "3.1.1"

"tsconfig@^7.0.0":
  "version" "7.0.0"
  dependencies:
    "@types/strip-bom" "^3.0.0"
    "@types/strip-json-comments" "0.0.30"
    "strip-bom" "^3.0.0"
    "strip-json-comments" "^2.0.0"

"tslib@^1.9.0":
  "version" "1.14.1"

"type-fest@^0.18.0":
  "version" "0.18.1"

"type-fest@^0.6.0":
  "version" "0.6.0"

"type-fest@^0.8.1":
  "version" "0.8.1"

"type-is@~1.6.18":
  "version" "1.6.18"
  dependencies:
    "media-typer" "0.3.0"
    "mime-types" "~2.1.24"

"typescript@*", "typescript@^4.8.4", "typescript@>=2.7":
  "version" "4.9.4"

"unique-filename@^2.0.0":
  "version" "2.0.1"
  dependencies:
    "unique-slug" "^3.0.0"

"unique-slug@^3.0.0":
  "version" "3.0.0"
  dependencies:
    "imurmurhash" "^0.1.4"

"unpipe@1.0.0":
  "version" "1.0.0"

"util-deprecate@^1.0.1":
  "version" "1.0.2"

"v8-compile-cache-lib@^3.0.1":
  "version" "3.0.1"

"validate-npm-package-license@^3.0.1":
  "version" "3.0.4"
  dependencies:
    "spdx-correct" "^3.0.0"
    "spdx-expression-parse" "^3.0.0"

"vm2@^3.9.2":
  "version" "3.9.13"
  dependencies:
    "acorn" "^8.7.0"
    "acorn-walk" "^8.2.0"

"which@^2.0.2":
  "version" "2.0.2"
  dependencies:
    "isexe" "^2.0.0"

"wide-align@^1.1.5":
  "version" "1.1.5"
  dependencies:
    "string-width" "^1.0.2 || 2 || 3 || 4"

"wrappy@1":
  "version" "1.0.2"

"xtend@^4.0.0":
  "version" "4.0.2"

"yallist@^4.0.0":
  "version" "4.0.0"

"yaml@^2.1.1":
  "version" "2.2.1"

"yargs-parser@^20.2.3":
  "version" "20.2.9"

"yn@3.1.1":
  "version" "3.1.1"

"zod@^3.17.10":
  "version" "3.20.2"
